// !$*UTF8*$!
{
	archiveVersion = 1;
	classes = {
	};
	objectVersion = 46;
	objects = {

/* Begin PBXBuildFile section */
		DE42CEE71AB27E420039B3CD /* RecordedAudio.swift in Sources */ = {isa = PBXBuildFile; fileRef = DE42CEE61AB27E420039B3CD /* RecordedAudio.swift */; };
		DE4E6F201AB1051B0070577B /* movie_quote.mp3 in Resources */ = {isa = PBXBuildFile; fileRef = DE4E6F1F1AB1051B0070577B /* movie_quote.mp3 */; };
		DE7FAB191AAE74F10072CC78 /* AppDelegate.swift in Sources */ = {isa = PBXBuildFile; fileRef = DE7FAB181AAE74F10072CC78 /* AppDelegate.swift */; };
		DE7FAB1B1AAE74F10072CC78 /* RecordSoundsViewController.swift in Sources */ = {isa = PBXBuildFile; fileRef = DE7FAB1A1AAE74F10072CC78 /* RecordSoundsViewController.swift */; };
		DE7FAB1E1AAE74F10072CC78 /* Main.storyboard in Resources */ = {isa = PBXBuildFile; fileRef = DE7FAB1C1AAE74F10072CC78 /* Main.storyboard */; };
		DE7FAB201AAE74F10072CC78 /* Images.xcassets in Resources */ = {isa = PBXBuildFile; fileRef = DE7FAB1F1AAE74F10072CC78 /* Images.xcassets */; };
		DE7FAB231AAE74F10072CC78 /* LaunchScreen.xib in Resources */ = {isa = PBXBuildFile; fileRef = DE7FAB211AAE74F10072CC78 /* LaunchScreen.xib */; };
		DE7FAB2F1AAE74F10072CC78 /* Pitch_PerfectTests.swift in Sources */ = {isa = PBXBuildFile; fileRef = DE7FAB2E1AAE74F10072CC78 /* Pitch_PerfectTests.swift */; };
		DEE380C21AAFE10D00C948B3 /* PlaySoundsViewController.swift in Sources */ = {isa = PBXBuildFile; fileRef = DEE380C11AAFE10D00C948B3 /* PlaySoundsViewController.swift */; };
/* End PBXBuildFile section */

/* Begin PBXContainerItemProxy section */
		DE7FAB291AAE74F10072CC78 /* PBXContainerItemProxy */ = {
			isa = PBXContainerItemProxy;
			containerPortal = DE7FAB0B1AAE74F10072CC78 /* Project object */;
			proxyType = 1;
			remoteGlobalIDString = DE7FAB121AAE74F10072CC78;
			remoteInfo = "Pitch Perfect";
		};
/* End PBXContainerItemProxy section */

/* Begin PBXFileReference section */
		DE42CEE61AB27E420039B3CD /* RecordedAudio.swift */ = {isa = PBXFileReference; fileEncoding = 4; lastKnownFileType = sourcecode.swift; path = RecordedAudio.swift; sourceTree = "<group>"; };
		DE4E6F1F1AB1051B0070577B /* movie_quote.mp3 */ = {isa = PBXFileReference; lastKnownFileType = audio.mp3; path = movie_quote.mp3; sourceTree = "<group>"; };
		DE7FAB131AAE74F10072CC78 /* Pitch Perfect.app */ = {isa = PBXFileReference; explicitFileType = wrapper.application; includeInIndex = 0; path = "Pitch Perfect.app"; sourceTree = BUILT_PRODUCTS_DIR; };
		DE7FAB171AAE74F10072CC78 /* Info.plist */ = {isa = PBXFileReference; lastKnownFileType = text.plist.xml; path = Info.plist; sourceTree = "<group>"; };
		DE7FAB181AAE74F10072CC78 /* AppDelegate.swift */ = {isa = PBXFileReference; lastKnownFileType = sourcecode.swift; path = AppDelegate.swift; sourceTree = "<group>"; };
		DE7FAB1A1AAE74F10072CC78 /* RecordSoundsViewController.swift */ = {isa = PBXFileReference; lastKnownFileType = sourcecode.swift; path = RecordSoundsViewController.swift; sourceTree = "<group>"; };
		DE7FAB1D1AAE74F10072CC78 /* Base */ = {isa = PBXFileReference; lastKnownFileType = file.storyboard; name = Base; path = Base.lproj/Main.storyboard; sourceTree = "<group>"; };
		DE7FAB1F1AAE74F10072CC78 /* Images.xcassets */ = {isa = PBXFileReference; lastKnownFileType = folder.assetcatalog; path = Images.xcassets; sourceTree = "<group>"; };
		DE7FAB221AAE74F10072CC78 /* Base */ = {isa = PBXFileReference; lastKnownFileType = file.xib; name = Base; path = Base.lproj/LaunchScreen.xib; sourceTree = "<group>"; };
		DE7FAB281AAE74F10072CC78 /* Pitch PerfectTests.xctest */ = {isa = PBXFileReference; explicitFileType = wrapper.cfbundle; includeInIndex = 0; path = "Pitch PerfectTests.xctest"; sourceTree = BUILT_PRODUCTS_DIR; };
		DE7FAB2D1AAE74F10072CC78 /* Info.plist */ = {isa = PBXFileReference; lastKnownFileType = text.plist.xml; path = Info.plist; sourceTree = "<group>"; };
		DE7FAB2E1AAE74F10072CC78 /* Pitch_PerfectTests.swift */ = {isa = PBXFileReference; lastKnownFileType = sourcecode.swift; path = Pitch_PerfectTests.swift; sourceTree = "<group>"; };
		DEE380C11AAFE10D00C948B3 /* PlaySoundsViewController.swift */ = {isa = PBXFileReference; fileEncoding = 4; lastKnownFileType = sourcecode.swift; path = PlaySoundsViewController.swift; sourceTree = "<group>"; };
/* End PBXFileReference section */

/* Begin PBXFrameworksBuildPhase section */
		DE7FAB101AAE74F10072CC78 /* Frameworks */ = {
			isa = PBXFrameworksBuildPhase;
			buildActionMask = 2147483647;
			files = (
			);
			runOnlyForDeploymentPostprocessing = 0;
		};
		DE7FAB251AAE74F10072CC78 /* Frameworks */ = {
			isa = PBXFrameworksBuildPhase;
			buildActionMask = 2147483647;
			files = (
			);
			runOnlyForDeploymentPostprocessing = 0;
		};
/* End PBXFrameworksBuildPhase section */

/* Begin PBXGroup section */
		DE7FAB0A1AAE74F10072CC78 = {
			isa = PBXGroup;
			children = (
				DE7FAB151AAE74F10072CC78 /* Pitch Perfect */,
				DE7FAB2B1AAE74F10072CC78 /* Pitch PerfectTests */,
				DE7FAB141AAE74F10072CC78 /* Products */,
			);
			sourceTree = "<group>";
		};
		DE7FAB141AAE74F10072CC78 /* Products */ = {
			isa = PBXGroup;
			children = (
				DE7FAB131AAE74F10072CC78 /* Pitch Perfect.app */,
				DE7FAB281AAE74F10072CC78 /* Pitch PerfectTests.xctest */,
			);
			name = Products;
			sourceTree = "<group>";
		};
		DE7FAB151AAE74F10072CC78 /* Pitch Perfect */ = {
			isa = PBXGroup;
			children = (
				DEE380C11AAFE10D00C948B3 /* PlaySoundsViewController.swift */,
				DE7FAB181AAE74F10072CC78 /* AppDelegate.swift */,
				DE7FAB1A1AAE74F10072CC78 /* RecordSoundsViewController.swift */,
				DE7FAB1C1AAE74F10072CC78 /* Main.storyboard */,
				DE42CEE61AB27E420039B3CD /* RecordedAudio.swift */,
				DE7FAB1F1AAE74F10072CC78 /* Images.xcassets */,
				DE7FAB211AAE74F10072CC78 /* LaunchScreen.xib */,
				DE7FAB161AAE74F10072CC78 /* Supporting Files */,
			);
			path = "Pitch Perfect";
			sourceTree = "<group>";
		};
		DE7FAB161AAE74F10072CC78 /* Supporting Files */ = {
			isa = PBXGroup;
			children = (
				DE4E6F1F1AB1051B0070577B /* movie_quote.mp3 */,
				DE7FAB171AAE74F10072CC78 /* Info.plist */,
			);
			name = "Supporting Files";
			sourceTree = "<group>";
		};
		DE7FAB2B1AAE74F10072CC78 /* Pitch PerfectTests */ = {
			isa = PBXGroup;
			children = (
				DE7FAB2E1AAE74F10072CC78 /* Pitch_PerfectTests.swift */,
				DE7FAB2C1AAE74F10072CC78 /* Supporting Files */,
			);
			path = "Pitch PerfectTests";
			sourceTree = "<group>";
		};
		DE7FAB2C1AAE74F10072CC78 /* Supporting Files */ = {
			isa = PBXGroup;
			children = (
				DE7FAB2D1AAE74F10072CC78 /* Info.plist */,
			);
			name = "Supporting Files";
			sourceTree = "<group>";
		};
/* End PBXGroup section */

/* Begin PBXNativeTarget section */
		DE7FAB121AAE74F10072CC78 /* Pitch Perfect */ = {
			isa = PBXNativeTarget;
			buildConfigurationList = DE7FAB321AAE74F10072CC78 /* Build configuration list for PBXNativeTarget "Pitch Perfect" */;
			buildPhases = (
				DE7FAB0F1AAE74F10072CC78 /* Sources */,
				DE7FAB101AAE74F10072CC78 /* Frameworks */,
				DE7FAB111AAE74F10072CC78 /* Resources */,
			);
			buildRules = (
			);
			dependencies = (
			);
			name = "Pitch Perfect";
			productName = "Pitch Perfect";
			productReference = DE7FAB131AAE74F10072CC78 /* Pitch Perfect.app */;
			productType = "com.apple.product-type.application";
		};
		DE7FAB271AAE74F10072CC78 /* Pitch PerfectTests */ = {
			isa = PBXNativeTarget;
			buildConfigurationList = DE7FAB351AAE74F10072CC78 /* Build configuration list for PBXNativeTarget "Pitch PerfectTests" */;
			buildPhases = (
				DE7FAB241AAE74F10072CC78 /* Sources */,
				DE7FAB251AAE74F10072CC78 /* Frameworks */,
				DE7FAB261AAE74F10072CC78 /* Resources */,
			);
			buildRules = (
			);
			dependencies = (
				DE7FAB2A1AAE74F10072CC78 /* PBXTargetDependency */,
			);
			name = "Pitch PerfectTests";
			productName = "Pitch PerfectTests";
			productReference = DE7FAB281AAE74F10072CC78 /* Pitch PerfectTests.xctest */;
			productType = "com.apple.product-type.bundle.unit-test";
		};
/* End PBXNativeTarget section */

/* Begin PBXProject section */
		DE7FAB0B1AAE74F10072CC78 /* Project object */ = {
			isa = PBXProject;
			attributes = {
				LastUpgradeCheck = 0610;
				ORGANIZATIONNAME = GE;
				TargetAttributes = {
					DE7FAB121AAE74F10072CC78 = {
						CreatedOnToolsVersion = 6.1.1;
					};
					DE7FAB271AAE74F10072CC78 = {
						CreatedOnToolsVersion = 6.1.1;
						TestTargetID = DE7FAB121AAE74F10072CC78;
					};
				};
			};
			buildConfigurationList = DE7FAB0E1AAE74F10072CC78 /* Build configuration list for PBXProject "Pitch Perfect" */;
			compatibilityVersion = "Xcode 3.2";
			developmentRegion = English;
			hasScannedForEncodings = 0;
			knownRegions = (
				en,
				Base,
			);
			mainGroup = DE7FAB0A1AAE74F10072CC78;
			productRefGroup = DE7FAB141AAE74F10072CC78 /* Products */;
			projectDirPath = "";
			projectRoot = "";
			targets = (
				DE7FAB121AAE74F10072CC78 /* Pitch Perfect */,
				DE7FAB271AAE74F10072CC78 /* Pitch PerfectTests */,
			);
		};
/* End PBXProject section */

/* Begin PBXResourcesBuildPhase section */
		DE7FAB111AAE74F10072CC78 /* Resources */ = {
			isa = PBXResourcesBuildPhase;
			buildActionMask = 2147483647;
			files = (
				DE7FAB1E1AAE74F10072CC78 /* Main.storyboard in Resources */,
				DE7FAB231AAE74F10072CC78 /* LaunchScreen.xib in Resources */,
				DE4E6F201AB1051B0070577B /* movie_quote.mp3 in Resources */,
				DE7FAB201AAE74F10072CC78 /* Images.xcassets in Resources */,
			);
			runOnlyForDeploymentPostprocessing = 0;
		};
		DE7FAB261AAE74F10072CC78 /* Resources */ = {
			isa = PBXResourcesBuildPhase;
			buildActionMask = 2147483647;
			files = (
			);
			runOnlyForDeploymentPostprocessing = 0;
		};
/* End PBXResourcesBuildPhase section */

/* Begin PBXSourcesBuildPhase section */
		DE7FAB0F1AAE74F10072CC78 /* Sources */ = {
			isa = PBXSourcesBuildPhase;
			buildActionMask = 2147483647;
			files = (
				DE42CEE71AB27E420039B3CD /* RecordedAudio.swift in Sources */,
				DE7FAB1B1AAE74F10072CC78 /* RecordSoundsViewController.swift in Sources */,
				DEE380C21AAFE10D00C948B3 /* PlaySoundsViewController.swift in Sources */,
				DE7FAB191AAE74F10072CC78 /* AppDelegate.swift in Sources */,
			);
			runOnlyForDeploymentPostprocessing = 0;
		};
		DE7FAB241AAE74F10072CC78 /* Sources */ = {
			isa = PBXSourcesBuildPhase;
			buildActionMask = 2147483647;
			files = (
				DE7FAB2F1AAE74F10072CC78 /* Pitch_PerfectTests.swift in Sources */,
			);
			runOnlyForDeploymentPostprocessing = 0;
		};
/* End PBXSourcesBuildPhase section */

/* Begin PBXTargetDependency section */
		DE7FAB2A1AAE74F10072CC78 /* PBXTargetDependency */ = {
			isa = PBXTargetDependency;
			target = DE7FAB121AAE74F10072CC78 /* Pitch Perfect */;
			targetProxy = DE7FAB291AAE74F10072CC78 /* PBXContainerItemProxy */;
		};
/* End PBXTargetDependency section */

/* Begin PBXVariantGroup section */
		DE7FAB1C1AAE74F10072CC78 /* Main.storyboard */ = {
			isa = PBXVariantGroup;
			children = (
				DE7FAB1D1AAE74F10072CC78 /* Base */,
			);
			name = Main.storyboard;
			sourceTree = "<group>";
		};
		DE7FAB211AAE74F10072CC78 /* LaunchScreen.xib */ = {
			isa = PBXVariantGroup;
			children = (
				DE7FAB221AAE74F10072CC78 /* Base */,
			);
			name = LaunchScreen.xib;
			sourceTree = "<group>";
		};
/* End PBXVariantGroup section */

/* Begin XCBuildConfiguration section */
		DE7FAB301AAE74F10072CC78 /* Debug */ = {
			isa = XCBuildConfiguration;
			buildSettings = {
				ALWAYS_SEARCH_USER_PATHS = NO;
				CLANG_CXX_LANGUAGE_STANDARD = "gnu++0x";
				CLANG_CXX_LIBRARY = "libc++";
				CLANG_ENABLE_MODULES = YES;
				CLANG_ENABLE_OBJC_ARC = YES;
				CLANG_WARN_BOOL_CONVERSION = YES;
				CLANG_WARN_CONSTANT_CONVERSION = YES;
				CLANG_WARN_DIRECT_OBJC_ISA_USAGE = YES_ERROR;
				CLANG_WARN_EMPTY_BODY = YES;
				CLANG_WARN_ENUM_CONVERSION = YES;
				CLANG_WARN_INT_CONVERSION = YES;
				CLANG_WARN_OBJC_ROOT_CLASS = YES_ERROR;
				CLANG_WARN_UNREACHABLE_CODE = YES;
				CLANG_WARN__DUPLICATE_METHOD_MATCH = YES;
				"CODE_SIGN_IDENTITY[sdk=iphoneos*]" = "iPhone Developer";
				COPY_PHASE_STRIP = NO;
				ENABLE_STRICT_OBJC_MSGSEND = YES;
				GCC_C_LANGUAGE_STANDARD = gnu99;
				GCC_DYNAMIC_NO_PIC = NO;
				GCC_OPTIMIZATION_LEVEL = 0;
				GCC_PREPROCESSOR_DEFINITIONS = (
					"DEBUG=1",
					"$(inherited)",
				);
				GCC_SYMBOLS_PRIVATE_EXTERN = NO;
				GCC_WARN_64_TO_32_BIT_CONVERSION = YES;
				GCC_WARN_ABOUT_RETURN_TYPE = YES_ERROR;
				GCC_WARN_UNDECLARED_SELECTOR = YES;
				GCC_WARN_UNINITIALIZED_AUTOS = YES_AGGRESSIVE;
				GCC_WARN_UNUSED_FUNCTION = YES;
				GCC_WARN_UNUSED_VARIABLE = YES;
				IPHONEOS_DEPLOYMENT_TARGET = 8.1;
				MTL_ENABLE_DEBUG_INFO = YES;
				ONLY_ACTIVE_ARCH = YES;
				SDKROOT = iphoneos;
				SWIFT_OPTIMIZATION_LEVEL = "-Onone";
			};
			name = Debug;
		};
		DE7FAB311AAE74F10072CC78 /* Release */ = {
			isa = XCBuildConfiguration;
			buildSettings = {
				ALWAYS_SEARCH_USER_PATHS = NO;
				CLANG_CXX_LANGUAGE_STANDARD = "gnu++0x";
				CLANG_CXX_LIBRARY = "libc++";
				CLANG_ENABLE_MODULES = YES;
				CLANG_ENABLE_OBJC_ARC = YES;
				CLANG_WARN_BOOL_CONVERSION = YES;
				CLANG_WARN_CONSTANT_CONVERSION = YES;
				CLANG_WARN_DIRECT_OBJC_ISA_USAGE = YES_ERROR;
				CLANG_WARN_EMPTY_BODY = YES;
				CLANG_WARN_ENUM_CONVERSION = YES;
				CLANG_WARN_INT_CONVERSION = YES;
				CLANG_WARN_OBJC_ROOT_CLASS = YES_ERROR;
				CLANG_WARN_UNREACHABLE_CODE = YES;
				CLANG_WARN__DUPLICATE_METHOD_MATCH = YES;
				"CODE_SIGN_IDENTITY[sdk=iphoneos*]" = "iPhone Developer";
				COPY_PHASE_STRIP = YES;
				ENABLE_NS_ASSERTIONS = NO;
				ENABLE_STRICT_OBJC_MSGSEND = YES;
				GCC_C_LANGUAGE_STANDARD = gnu99;
				GCC_WARN_64_TO_32_BIT_CONVERSION = YES;
				GCC_WARN_ABOUT_RETURN_TYPE = YES_ERROR;
				GCC_WARN_UNDECLARED_SELECTOR = YES;
				GCC_WARN_UNINITIALIZED_AUTOS = YES_AGGRESSIVE;
				GCC_WARN_UNUSED_FUNCTION = YES;
				GCC_WARN_UNUSED_VARIABLE = YES;
				IPHONEOS_DEPLOYMENT_TARGET = 8.1;
				MTL_ENABLE_DEBUG_INFO = NO;
				SDKROOT = iphoneos;
				VALIDATE_PRODUCT = YES;
			};
			name = Release;
		};
		DE7FAB331AAE74F10072CC78 /* Debug */ = {
			isa = XCBuildConfiguration;
			buildSettings = {
				ASSETCATALOG_COMPILER_APPICON_NAME = AppIcon;
				INFOPLIST_FILE = "Pitch Perfect/Info.plist";
				LD_RUNPATH_SEARCH_PATHS = "$(inherited) @executable_path/Frameworks";
				PRODUCT_NAME = "$(TARGET_NAME)";
			};
			name = Debug;
		};
		DE7FAB341AAE74F10072CC78 /* Release */ = {
			isa = XCBuildConfiguration;
			buildSettings = {
				ASSETCATALOG_COMPILER_APPICON_NAME = AppIcon;
				INFOPLIST_FILE = "Pitch Perfect/Info.plist";
				LD_RUNPATH_SEARCH_PATHS = "$(inherited) @executable_path/Frameworks";
				PRODUCT_NAME = "$(TARGET_NAME)";
			};
			name = Release;
		};
		DE7FAB361AAE74F10072CC78 /* Debug */ = {
			isa = XCBuildConfiguration;
			buildSettings = {
				BUNDLE_LOADER = "$(TEST_HOST)";
				FRAMEWORK_SEARCH_PATHS = (
					"$(SDKROOT)/Developer/Library/Frameworks",
					"$(inherited)",
				);
				GCC_PREPROCESSOR_DEFINITIONS = (
					"DEBUG=1",
					"$(inherited)",
				);
				INFOPLIST_FILE = "Pitch PerfectTests/Info.plist";
				LD_RUNPATH_SEARCH_PATHS = "$(inherited) @executable_path/Frameworks @loader_path/Frameworks";
				PRODUCT_NAME = "$(TARGET_NAME)";
				TEST_HOST = "$(BUILT_PRODUCTS_DIR)/Pitch Perfect.app/Pitch Perfect";
			};
			name = Debug;
		};
		DE7FAB371AAE74F10072CC78 /* Release */ = {
			isa = XCBuildConfiguration;
			buildSettings = {
				BUNDLE_LOADER = "$(TEST_HOST)";
				FRAMEWORK_SEARCH_PATHS = (
					"$(SDKROOT)/Developer/Library/Frameworks",
					"$(inherited)",
				);
				INFOPLIST_FILE = "Pitch PerfectTests/Info.plist";
				LD_RUNPATH_SEARCH_PATHS = "$(inherited) @executable_path/Frameworks @loader_path/Frameworks";
				PRODUCT_NAME = "$(TARGET_NAME)";
				TEST_HOST = "$(BUILT_PRODUCTS_DIR)/Pitch Perfect.app/Pitch Perfect";
			};
			name = Release;
		};
/* End XCBuildConfiguration section */

/* Begin XCConfigurationList section */
		DE7FAB0E1AAE74F10072CC78 /* Build configuration list for PBXProject "Pitch Perfect" */ = {
			isa = XCConfigurationList;
			buildConfigurations = (
				DE7FAB301AAE74F10072CC78 /* Debug */,
				DE7FAB311AAE74F10072CC78 /* Release */,
			);
			defaultConfigurationIsVisible = 0;
			defaultConfigurationName = Release;
		};
		DE7FAB321AAE74F10072CC78 /* Build configuration list for PBXNativeTarget "Pitch Perfect" */ = {
			isa = XCConfigurationList;
			buildConfigurations = (
				DE7FAB331AAE74F10072CC78 /* Debug */,
				DE7FAB341AAE74F10072CC78 /* Release */,
			);
			defaultConfigurationIsVisible = 0;
			defaultConfigurationName = Release;
		};
		DE7FAB351AAE74F10072CC78 /* Build configuration list for PBXNativeTarget "Pitch PerfectTests" */ = {
			isa = XCConfigurationList;
			buildConfigurations = (
				DE7FAB361AAE74F10072CC78 /* Debug */,
				DE7FAB371AAE74F10072CC78 /* Release */,
			);
			defaultConfigurationIsVisible = 0;
			defaultConfigurationName = Release;
		};
/* End XCConfigurationList section */
	};
	rootObject = DE7FAB0B1AAE74F10072CC78 /* Project object */;
}
